<?xml version="1.0" encoding="utf-8"?>
<Project ToolsVersion="4.0" xmlns="http://schemas.microsoft.com/developer/msbuild/2003">
  <ItemGroup>
    <Filter Include="Source Files">
      <UniqueIdentifier>{4FC737F1-C7A5-4376-A066-2A32D752A2FF}</UniqueIdentifier>
      <Extensions>cpp;c;cc;cxx;c++;cppm;ixx;def;odl;idl;hpj;bat;asm;asmx</Extensions>
    </Filter>
    <Filter Include="Header Files">
      <UniqueIdentifier>{93995380-89BD-4b04-88EB-625FBE52EBFB}</UniqueIdentifier>
      <Extensions>h;hh;hpp;hxx;h++;hm;inl;inc;ipp;xsd</Extensions>
    </Filter>
    <Filter Include="Resource Files">
      <UniqueIdentifier>{67DA6AB6-F800-4c08-8B7A-83BB121AAD01}</UniqueIdentifier>
      <Extensions>rc;ico;cur;bmp;dlg;rc2;rct;bin;rgs;gif;jpg;jpeg;jpe;resx;tiff;tif;png;wav;mfcribbon-ms</Extensions>
    </Filter>
    <Filter Include="Libraries">
      <UniqueIdentifier>{2cbdc906-d99d-417c-ab4c-f40208529c0a}</UniqueIdentifier>
    </Filter>
    <Filter Include="thirdparty">
      <UniqueIdentifier>{66932a4a-edfd-475b-aed0-b1232ded0aad}</UniqueIdentifier>
    </Filter>
    <Filter Include="thirdparty\PoseLib">
      <UniqueIdentifier>{a06dde17-7d99-4ca9-b31f-a782c41d1dbd}</UniqueIdentifier>
    </Filter>
    <Filter Include="thirdparty\PoseLib\misc">
      <UniqueIdentifier>{f399d9dc-c55a-4f3f-b24d-4033aadd0373}</UniqueIdentifier>
    </Filter>
    <Filter Include="thirdparty\PoseLib\robust">
      <UniqueIdentifier>{b0df0079-4a96-4606-bf90-a1ab17e4c025}</UniqueIdentifier>
    </Filter>
    <Filter Include="thirdparty\PoseLib\robust\estimators">
      <UniqueIdentifier>{2548944e-dd18-4571-a25e-9a1082cb922b}</UniqueIdentifier>
    </Filter>
    <Filter Include="thirdparty\PoseLib\solvers">
      <UniqueIdentifier>{116bcc51-92cf-4fbb-8dab-d033d2a046ba}</UniqueIdentifier>
    </Filter>
  </ItemGroup>
  <ItemGroup>
    <ClInclude Include="..\..\voldor\config.h">
      <Filter>Header Files</Filter>
    </ClInclude>
    <ClInclude Include="..\..\voldor\geometry.h">
      <Filter>Header Files</Filter>
    </ClInclude>
    <ClInclude Include="..\..\voldor\py_export.h">
      <Filter>Header Files</Filter>
    </ClInclude>
    <ClInclude Include="..\..\voldor\utils.h">
      <Filter>Header Files</Filter>
    </ClInclude>
    <ClInclude Include="..\..\voldor\voldor.h">
      <Filter>Header Files</Filter>
    </ClInclude>
    <ClInclude Include="..\..\lambdatwist\lambdatwist_p3p.h">
      <Filter>Libraries</Filter>
    </ClInclude>
    <ClInclude Include="..\..\lambdatwist\lambdatwist_p4p.h">
      <Filter>Libraries</Filter>
    </ClInclude>
    <ClInclude Include="..\..\lambdatwist\matrix.h">
      <Filter>Libraries</Filter>
    </ClInclude>
    <ClInclude Include="..\..\lambdatwist\refine_lambda.h">
      <Filter>Libraries</Filter>
    </ClInclude>
    <ClInclude Include="..\..\lambdatwist\solve_cubic.h">
      <Filter>Libraries</Filter>
    </ClInclude>
    <ClInclude Include="..\..\lambdatwist\solve_eig0.h">
      <Filter>Libraries</Filter>
    </ClInclude>
    <ClInclude Include="..\..\voldor\kitti.h">
      <Filter>Header Files</Filter>
    </ClInclude>
    <ClInclude Include="..\..\voldor\trifocal.h">
      <Filter>Header Files</Filter>
    </ClInclude>
  </ItemGroup>
  <ItemGroup>
    <ClCompile Include="..\..\voldor\geometry.cpp">
      <Filter>Source Files</Filter>
    </ClCompile>
    <ClCompile Include="..\..\voldor\main.cpp">
      <Filter>Source Files</Filter>
    </ClCompile>
    <ClCompile Include="..\..\voldor\py_export.cpp">
      <Filter>Source Files</Filter>
    </ClCompile>
    <ClCompile Include="..\..\voldor\utils.cpp">
      <Filter>Source Files</Filter>
    </ClCompile>
    <ClCompile Include="..\..\voldor\voldor.cpp">
      <Filter>Source Files</Filter>
    </ClCompile>
    <ClCompile Include="x_utils.cpp">
      <Filter>Source Files</Filter>
    </ClCompile>
    <ClCompile Include="..\..\voldor\kitti.cpp">
      <Filter>Source Files</Filter>
    </ClCompile>
    <ClCompile Include="..\..\voldor\trifocal.cpp">
      <Filter>Source Files</Filter>
    </ClCompile>
    <ClCompile Include="..\..\thirdparty\PoseLib\misc\colmap_models.cc">
      <Filter>thirdparty\PoseLib\misc</Filter>
    </ClCompile>
    <ClCompile Include="..\..\thirdparty\PoseLib\misc\decompositions.cc">
      <Filter>thirdparty\PoseLib\misc</Filter>
    </ClCompile>
    <ClCompile Include="..\..\thirdparty\PoseLib\misc\essential.cc">
      <Filter>thirdparty\PoseLib\misc</Filter>
    </ClCompile>
    <ClCompile Include="..\..\thirdparty\PoseLib\misc\qep.cc">
      <Filter>thirdparty\PoseLib\misc</Filter>
    </ClCompile>
    <ClCompile Include="..\..\thirdparty\PoseLib\misc\re3q3.cc">
      <Filter>thirdparty\PoseLib\misc</Filter>
    </ClCompile>
    <ClCompile Include="..\..\thirdparty\PoseLib\misc\univariate.cc">
      <Filter>thirdparty\PoseLib\misc</Filter>
    </ClCompile>
    <ClCompile Include="..\..\thirdparty\PoseLib\robust\bundle.cc">
      <Filter>thirdparty\PoseLib\robust</Filter>
    </ClCompile>
    <ClCompile Include="..\..\thirdparty\PoseLib\robust\ransac.cc">
      <Filter>thirdparty\PoseLib\robust</Filter>
    </ClCompile>
    <ClCompile Include="..\..\thirdparty\PoseLib\robust\sampling.cc">
      <Filter>thirdparty\PoseLib\robust</Filter>
    </ClCompile>
    <ClCompile Include="..\..\thirdparty\PoseLib\robust\utils.cc">
      <Filter>thirdparty\PoseLib\robust</Filter>
    </ClCompile>
    <ClCompile Include="..\..\thirdparty\PoseLib\robust\estimators\absolute_pose.cc">
      <Filter>thirdparty\PoseLib\robust\estimators</Filter>
    </ClCompile>
    <ClCompile Include="..\..\thirdparty\PoseLib\robust\estimators\homography.cc">
      <Filter>thirdparty\PoseLib\robust\estimators</Filter>
    </ClCompile>
    <ClCompile Include="..\..\thirdparty\PoseLib\robust\estimators\hybrid_pose.cc">
      <Filter>thirdparty\PoseLib\robust\estimators</Filter>
    </ClCompile>
    <ClCompile Include="..\..\thirdparty\PoseLib\robust\estimators\relative_pose.cc">
      <Filter>thirdparty\PoseLib\robust\estimators</Filter>
    </ClCompile>
    <ClCompile Include="..\..\thirdparty\PoseLib\solvers\gen_relpose_5p1pt.cc">
      <Filter>thirdparty\PoseLib\solvers</Filter>
    </ClCompile>
    <ClCompile Include="..\..\thirdparty\PoseLib\solvers\gen_relpose_6pt.cc">
      <Filter>thirdparty\PoseLib\solvers</Filter>
    </ClCompile>
    <ClCompile Include="..\..\thirdparty\PoseLib\solvers\gen_relpose_upright_4pt.cc">
      <Filter>thirdparty\PoseLib\solvers</Filter>
    </ClCompile>
    <ClCompile Include="..\..\thirdparty\PoseLib\solvers\gp3p.cc">
      <Filter>thirdparty\PoseLib\solvers</Filter>
    </ClCompile>
    <ClCompile Include="..\..\thirdparty\PoseLib\solvers\gp4ps.cc">
      <Filter>thirdparty\PoseLib\solvers</Filter>
    </ClCompile>
    <ClCompile Include="..\..\thirdparty\PoseLib\solvers\homography_4pt.cc">
      <Filter>thirdparty\PoseLib\solvers</Filter>
    </ClCompile>
    <ClCompile Include="..\..\thirdparty\PoseLib\solvers\p1p2ll.cc">
      <Filter>thirdparty\PoseLib\solvers</Filter>
    </ClCompile>
    <ClCompile Include="..\..\thirdparty\PoseLib\solvers\p2p1ll.cc">
      <Filter>thirdparty\PoseLib\solvers</Filter>
    </ClCompile>
    <ClCompile Include="..\..\thirdparty\PoseLib\solvers\p2p2pl.cc">
      <Filter>thirdparty\PoseLib\solvers</Filter>
    </ClCompile>
    <ClCompile Include="..\..\thirdparty\PoseLib\solvers\p3ll.cc">
      <Filter>thirdparty\PoseLib\solvers</Filter>
    </ClCompile>
    <ClCompile Include="..\..\thirdparty\PoseLib\solvers\p3p.cc">
      <Filter>thirdparty\PoseLib\solvers</Filter>
    </ClCompile>
    <ClCompile Include="..\..\thirdparty\PoseLib\solvers\p3p_ding.cc">
      <Filter>thirdparty\PoseLib\solvers</Filter>
    </ClCompile>
    <ClCompile Include="..\..\thirdparty\PoseLib\solvers\p4pf.cc">
      <Filter>thirdparty\PoseLib\solvers</Filter>
    </ClCompile>
    <ClCompile Include="..\..\thirdparty\PoseLib\solvers\p5lp_radial.cc">
      <Filter>thirdparty\PoseLib\solvers</Filter>
    </ClCompile>
    <ClCompile Include="..\..\thirdparty\PoseLib\solvers\p6lp.cc">
      <Filter>thirdparty\PoseLib\solvers</Filter>
    </ClCompile>
    <ClCompile Include="..\..\thirdparty\PoseLib\solvers\relpose_5pt.cc">
      <Filter>thirdparty\PoseLib\solvers</Filter>
    </ClCompile>
    <ClCompile Include="..\..\thirdparty\PoseLib\solvers\relpose_6pt_focal.cc">
      <Filter>thirdparty\PoseLib\solvers</Filter>
    </ClCompile>
    <ClCompile Include="..\..\thirdparty\PoseLib\solvers\relpose_7pt.cc">
      <Filter>thirdparty\PoseLib\solvers</Filter>
    </ClCompile>
    <ClCompile Include="..\..\thirdparty\PoseLib\solvers\relpose_8pt.cc">
      <Filter>thirdparty\PoseLib\solvers</Filter>
    </ClCompile>
    <ClCompile Include="..\..\thirdparty\PoseLib\solvers\relpose_affine_4p.cc">
      <Filter>thirdparty\PoseLib\solvers</Filter>
    </ClCompile>
    <ClCompile Include="..\..\thirdparty\PoseLib\solvers\relpose_upright_3pt.cc">
      <Filter>thirdparty\PoseLib\solvers</Filter>
    </ClCompile>
    <ClCompile Include="..\..\thirdparty\PoseLib\solvers\relpose_upright_planar_2pt.cc">
      <Filter>thirdparty\PoseLib\solvers</Filter>
    </ClCompile>
    <ClCompile Include="..\..\thirdparty\PoseLib\solvers\relpose_upright_planar_3pt.cc">
      <Filter>thirdparty\PoseLib\solvers</Filter>
    </ClCompile>
    <ClCompile Include="..\..\thirdparty\PoseLib\solvers\threeview_hc.cc">
      <Filter>thirdparty\PoseLib\solvers</Filter>
    </ClCompile>
    <ClCompile Include="..\..\thirdparty\PoseLib\solvers\threeview_nister.cc">
      <Filter>thirdparty\PoseLib\solvers</Filter>
    </ClCompile>
    <ClCompile Include="..\..\thirdparty\PoseLib\solvers\threeview_para.cc">
      <Filter>thirdparty\PoseLib\solvers</Filter>
    </ClCompile>
    <ClCompile Include="..\..\thirdparty\PoseLib\solvers\ugp2p.cc">
      <Filter>thirdparty\PoseLib\solvers</Filter>
    </ClCompile>
    <ClCompile Include="..\..\thirdparty\PoseLib\solvers\ugp3ps.cc">
      <Filter>thirdparty\PoseLib\solvers</Filter>
    </ClCompile>
    <ClCompile Include="..\..\thirdparty\PoseLib\solvers\ugp4pl.cc">
      <Filter>thirdparty\PoseLib\solvers</Filter>
    </ClCompile>
    <ClCompile Include="..\..\thirdparty\PoseLib\solvers\up1p1ll.cc">
      <Filter>thirdparty\PoseLib\solvers</Filter>
    </ClCompile>
    <ClCompile Include="..\..\thirdparty\PoseLib\solvers\up1p2pl.cc">
      <Filter>thirdparty\PoseLib\solvers</Filter>
    </ClCompile>
    <ClCompile Include="..\..\thirdparty\PoseLib\solvers\up2p.cc">
      <Filter>thirdparty\PoseLib\solvers</Filter>
    </ClCompile>
    <ClCompile Include="..\..\thirdparty\PoseLib\solvers\up4pl.cc">
      <Filter>thirdparty\PoseLib\solvers</Filter>
    </ClCompile>
    <ClCompile Include="..\..\thirdparty\PoseLib\robust.cc">
      <Filter>thirdparty\PoseLib</Filter>
    </ClCompile>
  </ItemGroup>
</Project>