<?xml version="1.0" encoding="utf-8"?>
<Project ToolsVersion="4.0" xmlns="http://schemas.microsoft.com/developer/msbuild/2003">
  <ItemGroup>
    <Filter Include="Source Files">
      <UniqueIdentifier>{4FC737F1-C7A5-4376-A066-2A32D752A2FF}</UniqueIdentifier>
      <Extensions>cpp;c;cc;cxx;c++;cppm;ixx;def;odl;idl;hpj;bat;asm;asmx</Extensions>
    </Filter>
    <Filter Include="Header Files">
      <UniqueIdentifier>{93995380-89BD-4b04-88EB-625FBE52EBFB}</UniqueIdentifier>
      <Extensions>h;hh;hpp;hxx;h++;hm;inl;inc;ipp;xsd</Extensions>
    </Filter>
    <Filter Include="Resource Files">
      <UniqueIdentifier>{67DA6AB6-F800-4c08-8B7A-83BB121AAD01}</UniqueIdentifier>
      <Extensions>rc;ico;cur;bmp;dlg;rc2;rct;bin;rgs;gif;jpg;jpeg;jpe;resx;tiff;tif;png;wav;mfcribbon-ms</Extensions>
    </Filter>
    <Filter Include="Libraries">
      <UniqueIdentifier>{2cbdc906-d99d-417c-ab4c-f40208529c0a}</UniqueIdentifier>
    </Filter>
    <Filter Include="Source Files\solvers">
      <UniqueIdentifier>{542a5dce-178c-4d9b-9382-78e8fda88f22}</UniqueIdentifier>
    </Filter>
    <Filter Include="Header Files\solvers">
      <UniqueIdentifier>{1f026c70-66c4-42ed-af2c-6ad5b20827e0}</UniqueIdentifier>
    </Filter>
    <Filter Include="Header Files\helpers">
      <UniqueIdentifier>{4550b308-a58e-4c7b-b543-bd98f70afd07}</UniqueIdentifier>
    </Filter>
    <Filter Include="Source Files\wrapper">
      <UniqueIdentifier>{72c815bb-0150-433c-8525-0d6ccb6813d9}</UniqueIdentifier>
    </Filter>
    <Filter Include="Header Files\wrapper">
      <UniqueIdentifier>{8ba73cb3-a2a7-4db9-bc82-fa58602ba132}</UniqueIdentifier>
    </Filter>
    <Filter Include="Source Files\batch_solve">
      <UniqueIdentifier>{238d0488-2951-4de2-b126-17fcf3c30908}</UniqueIdentifier>
    </Filter>
    <Filter Include="Header Files\batch_solve">
      <UniqueIdentifier>{0e0c3bf8-69c4-4a75-b194-7b63f5d0be4d}</UniqueIdentifier>
    </Filter>
    <Filter Include="Libraries\lambdatwist">
      <UniqueIdentifier>{7f4d6162-ac5c-4985-8c18-0869b841e9c3}</UniqueIdentifier>
    </Filter>
    <Filter Include="Libraries\rnp">
      <UniqueIdentifier>{46b4a89f-e445-4518-8015-309e8b07bbd0}</UniqueIdentifier>
    </Filter>
    <Filter Include="Libraries\polynomial">
      <UniqueIdentifier>{ec3d1ec1-c6da-45c1-9cc7-9793152f843b}</UniqueIdentifier>
    </Filter>
    <Filter Include="Source Files\helpers">
      <UniqueIdentifier>{8ac624ac-b811-4c21-8b1d-52b79d68755b}</UniqueIdentifier>
    </Filter>
    <Filter Include="Libraries\PoseLib">
      <UniqueIdentifier>{6c7867be-6fff-4b0a-a712-2323f7583ad5}</UniqueIdentifier>
    </Filter>
    <Filter Include="Libraries\PoseLib\solvers">
      <UniqueIdentifier>{0b54e200-9e03-4127-b971-e64b246c34ef}</UniqueIdentifier>
    </Filter>
    <Filter Include="Libraries\PoseLib\misc">
      <UniqueIdentifier>{13f70e69-537a-4f63-88df-b052900cb081}</UniqueIdentifier>
    </Filter>
  </ItemGroup>
  <ItemGroup>
    <ClInclude Include="..\..\voldor\config.h">
      <Filter>Header Files</Filter>
    </ClInclude>
    <ClInclude Include="..\..\voldor\geometry.h">
      <Filter>Header Files</Filter>
    </ClInclude>
    <ClInclude Include="..\..\voldor\voldor_utils.h">
      <Filter>Header Files</Filter>
    </ClInclude>
    <ClInclude Include="..\..\voldor\voldor.h">
      <Filter>Header Files</Filter>
    </ClInclude>
    <ClInclude Include="..\..\voldor\kitti.h">
      <Filter>Header Files</Filter>
    </ClInclude>
    <ClInclude Include="..\..\voldor\helpers_eigen.h">
      <Filter>Header Files\helpers</Filter>
    </ClInclude>
    <ClInclude Include="..\..\voldor\helpers.h">
      <Filter>Header Files\helpers</Filter>
    </ClInclude>
    <ClInclude Include="..\..\voldor\lock.h">
      <Filter>Header Files\helpers</Filter>
    </ClInclude>
    <ClInclude Include="..\..\voldor\solver_4p3v_para.h">
      <Filter>Header Files</Filter>
    </ClInclude>
    <ClInclude Include="..\..\voldor\helpers_geometry.h">
      <Filter>Header Files\helpers</Filter>
    </ClInclude>
    <ClInclude Include="..\..\voldor\algebra.h">
      <Filter>Header Files</Filter>
    </ClInclude>
    <ClInclude Include="..\..\thirdparty\rnp\danilevsky.h">
      <Filter>Libraries\rnp</Filter>
    </ClInclude>
    <ClInclude Include="..\..\thirdparty\rnp\hidden6.h">
      <Filter>Libraries\rnp</Filter>
    </ClInclude>
    <ClInclude Include="..\..\thirdparty\rnp\prepare_1lin.h">
      <Filter>Libraries\rnp</Filter>
    </ClInclude>
    <ClInclude Include="..\..\thirdparty\rnp\prepare_2lin.h">
      <Filter>Libraries\rnp</Filter>
    </ClInclude>
    <ClInclude Include="..\..\thirdparty\rnp\rnp.h">
      <Filter>Libraries\rnp</Filter>
    </ClInclude>
    <ClInclude Include="..\..\thirdparty\rnp\sturm.h">
      <Filter>Libraries\rnp</Filter>
    </ClInclude>
    <ClInclude Include="..\..\thirdparty\rnp\utils.h">
      <Filter>Libraries\rnp</Filter>
    </ClInclude>
    <ClInclude Include="..\..\voldor\batch_cpu_solver.h">
      <Filter>Header Files\batch_solve</Filter>
    </ClInclude>
    <ClInclude Include="..\..\voldor\helpers_opencv.h">
      <Filter>Header Files\helpers</Filter>
    </ClInclude>
    <ClInclude Include="..\..\voldor\py_export.h">
      <Filter>Header Files</Filter>
    </ClInclude>
    <ClInclude Include="..\..\thirdparty\polynomial\polynomial.h">
      <Filter>Libraries\polynomial</Filter>
    </ClInclude>
    <ClInclude Include="..\..\voldor\solvers.h">
      <Filter>Header Files\solvers</Filter>
    </ClInclude>
    <ClInclude Include="..\..\thirdparty\lambdatwist\lambdatwist_p3p.h">
      <Filter>Libraries\lambdatwist</Filter>
    </ClInclude>
    <ClInclude Include="..\..\thirdparty\lambdatwist\lambdatwist_p4p.h">
      <Filter>Libraries\lambdatwist</Filter>
    </ClInclude>
    <ClInclude Include="..\..\thirdparty\lambdatwist\matrix.h">
      <Filter>Libraries\lambdatwist</Filter>
    </ClInclude>
    <ClInclude Include="..\..\thirdparty\lambdatwist\refine_lambda.h">
      <Filter>Libraries\lambdatwist</Filter>
    </ClInclude>
    <ClInclude Include="..\..\thirdparty\lambdatwist\solve_cubic.h">
      <Filter>Libraries\lambdatwist</Filter>
    </ClInclude>
    <ClInclude Include="..\..\thirdparty\lambdatwist\solve_eig0.h">
      <Filter>Libraries\lambdatwist</Filter>
    </ClInclude>
    <ClInclude Include="..\..\voldor\batch_solver.h">
      <Filter>Header Files\batch_solve</Filter>
    </ClInclude>
    <ClInclude Include="..\..\thirdparty\PoseLib\solvers\p4pf.h">
      <Filter>Libraries\PoseLib\solvers</Filter>
    </ClInclude>
    <ClInclude Include="..\..\thirdparty\PoseLib\misc\quaternion.h">
      <Filter>Libraries\PoseLib\misc</Filter>
    </ClInclude>
    <ClInclude Include="..\..\thirdparty\PoseLib\misc\re3q3.h">
      <Filter>Libraries\PoseLib\misc</Filter>
    </ClInclude>
    <ClInclude Include="..\..\thirdparty\PoseLib\misc\sturm.h">
      <Filter>Libraries\PoseLib\misc</Filter>
    </ClInclude>
    <ClInclude Include="..\..\thirdparty\PoseLib\camera_pose.h">
      <Filter>Libraries\PoseLib</Filter>
    </ClInclude>
    <ClInclude Include="..\..\thirdparty\PoseLib\alignment.h">
      <Filter>Libraries\PoseLib</Filter>
    </ClInclude>
    <ClInclude Include="..\..\thirdparty\PoseLib\misc\camera_models.h">
      <Filter>Libraries\PoseLib\misc</Filter>
    </ClInclude>
    <ClInclude Include="..\..\thirdparty\PoseLib\misc\constants.h">
      <Filter>Libraries\PoseLib\misc</Filter>
    </ClInclude>
    <ClInclude Include="..\..\thirdparty\PoseLib\types.h">
      <Filter>Libraries\PoseLib</Filter>
    </ClInclude>
  </ItemGroup>
  <ItemGroup>
    <ClCompile Include="..\..\voldor\geometry.cpp">
      <Filter>Source Files</Filter>
    </ClCompile>
    <ClCompile Include="..\..\voldor\main.cpp">
      <Filter>Source Files</Filter>
    </ClCompile>
    <ClCompile Include="..\..\voldor\voldor_utils.cpp">
      <Filter>Source Files</Filter>
    </ClCompile>
    <ClCompile Include="..\..\voldor\voldor.cpp">
      <Filter>Source Files</Filter>
    </ClCompile>
    <ClCompile Include="x_utils.cpp">
      <Filter>Source Files</Filter>
    </ClCompile>
    <ClCompile Include="..\..\voldor\kitti.cpp">
      <Filter>Source Files</Filter>
    </ClCompile>
    <ClCompile Include="..\..\voldor\main_solver_test.cpp">
      <Filter>Source Files</Filter>
    </ClCompile>
    <ClCompile Include="..\..\voldor\solver_gpm_hpc0.cpp">
      <Filter>Source Files\solvers</Filter>
    </ClCompile>
    <ClCompile Include="..\..\voldor\solver_gpm_hpc1.cpp">
      <Filter>Source Files\solvers</Filter>
    </ClCompile>
    <ClCompile Include="..\..\voldor\solver_gpm_hpc2.cpp">
      <Filter>Source Files\solvers</Filter>
    </ClCompile>
    <ClCompile Include="..\..\voldor\solver_4p3v_para.cpp">
      <Filter>Source Files</Filter>
    </ClCompile>
    <ClCompile Include="..\..\voldor\solver_gpm_nm7.cpp">
      <Filter>Source Files\solvers</Filter>
    </ClCompile>
    <ClCompile Include="..\..\voldor\solver_rnp_r6p1l.cpp">
      <Filter>Source Files\solvers</Filter>
    </ClCompile>
    <ClCompile Include="..\..\thirdparty\rnp\benchmark.bak">
      <Filter>Libraries\rnp</Filter>
    </ClCompile>
    <ClCompile Include="..\..\thirdparty\rnp\iterative.cpp">
      <Filter>Libraries\rnp</Filter>
    </ClCompile>
    <ClCompile Include="..\..\thirdparty\rnp\python_bindings.bak">
      <Filter>Libraries\rnp</Filter>
    </ClCompile>
    <ClCompile Include="..\..\thirdparty\rnp\r6p_1lin.cpp">
      <Filter>Libraries\rnp</Filter>
    </ClCompile>
    <ClCompile Include="..\..\thirdparty\rnp\r6p_2lin.cpp">
      <Filter>Libraries\rnp</Filter>
    </ClCompile>
    <ClCompile Include="..\..\thirdparty\rnp\r6p_iter.cpp">
      <Filter>Libraries\rnp</Filter>
    </ClCompile>
    <ClCompile Include="..\..\thirdparty\rnp\r7pf.cpp">
      <Filter>Libraries\rnp</Filter>
    </ClCompile>
    <ClCompile Include="..\..\thirdparty\rnp\r7pfr.cpp">
      <Filter>Libraries\rnp</Filter>
    </ClCompile>
    <ClCompile Include="..\..\thirdparty\rnp\rnp.cpp">
      <Filter>Libraries\rnp</Filter>
    </ClCompile>
    <ClCompile Include="..\..\thirdparty\rnp\sturm.cpp">
      <Filter>Libraries\rnp</Filter>
    </ClCompile>
    <ClCompile Include="..\..\thirdparty\rnp\utils.cpp">
      <Filter>Libraries\rnp</Filter>
    </ClCompile>
    <ClCompile Include="..\..\voldor\solver_gpm_nm6.cpp">
      <Filter>Source Files\solvers</Filter>
    </ClCompile>
    <ClCompile Include="..\..\voldor\solver_gpm_nm5.cpp">
      <Filter>Source Files\solvers</Filter>
    </ClCompile>
    <ClCompile Include="..\..\voldor\solver_rnp_r6p2i.cpp">
      <Filter>Source Files\solvers</Filter>
    </ClCompile>
    <ClCompile Include="..\..\voldor\solver_rnp_r6p2l.cpp">
      <Filter>Source Files\solvers</Filter>
    </ClCompile>
    <ClCompile Include="..\..\voldor\algebra.cpp">
      <Filter>Source Files</Filter>
    </ClCompile>
    <ClCompile Include="..\..\voldor\py_export.cpp">
      <Filter>Source Files</Filter>
    </ClCompile>
    <ClCompile Include="..\..\voldor\solver_rpe_easy.cpp">
      <Filter>Source Files\solvers</Filter>
    </ClCompile>
    <ClCompile Include="..\..\voldor\solver_tft_linear.cpp">
      <Filter>Source Files\solvers</Filter>
    </ClCompile>
    <ClCompile Include="..\..\voldor\batch_cpu_solver.cpp">
      <Filter>Source Files\batch_solve</Filter>
    </ClCompile>
    <ClCompile Include="..\..\voldor\batch_cpu_solver_tft.cpp">
      <Filter>Source Files\batch_solve</Filter>
    </ClCompile>
    <ClCompile Include="..\..\voldor\batch_cpu_solver_gpm.cpp">
      <Filter>Source Files\batch_solve</Filter>
    </ClCompile>
    <ClCompile Include="..\..\voldor\batch_cpu_solver_rnp.cpp">
      <Filter>Source Files\batch_solve</Filter>
    </ClCompile>
    <ClCompile Include="..\..\voldor\solver_p4p_lambdatwist.cpp">
      <Filter>Source Files\solvers</Filter>
    </ClCompile>
    <ClCompile Include="..\..\voldor\solver_p4p_ap3p.cpp">
      <Filter>Source Files\solvers</Filter>
    </ClCompile>
    <ClCompile Include="..\..\voldor\batch_cpu_solver_p4p.cpp">
      <Filter>Source Files\batch_solve</Filter>
    </ClCompile>
    <ClCompile Include="..\..\voldor\batch_gpu_solver_p4p.cpp">
      <Filter>Source Files\batch_solve</Filter>
    </ClCompile>
    <ClCompile Include="..\..\voldor\lock.cpp">
      <Filter>Source Files\helpers</Filter>
    </ClCompile>
    <ClCompile Include="..\..\thirdparty\PoseLib\solvers\p4pf.cc">
      <Filter>Libraries\PoseLib\solvers</Filter>
    </ClCompile>
    <ClCompile Include="..\..\thirdparty\PoseLib\misc\re3q3.cc">
      <Filter>Libraries\PoseLib\misc</Filter>
    </ClCompile>
    <ClCompile Include="..\..\thirdparty\PoseLib\misc\camera_models.cc">
      <Filter>Libraries\PoseLib\misc</Filter>
    </ClCompile>
  </ItemGroup>
  <ItemGroup>
    <Text Include="..\..\voldor\voldor_bin.txt">
      <Filter>Source Files</Filter>
    </Text>
  </ItemGroup>
</Project>