<?xml version="1.0" encoding="utf-8"?>
<Project ToolsVersion="4.0" xmlns="http://schemas.microsoft.com/developer/msbuild/2003">
  <ItemGroup>
    <Filter Include="Source Files">
      <UniqueIdentifier>{2b43fe32-627a-4dda-8b48-8d32d5e133d7}</UniqueIdentifier>
    </Filter>
    <Filter Include="Header Files">
      <UniqueIdentifier>{51497303-dab5-4e16-b730-a9c4ef18a706}</UniqueIdentifier>
    </Filter>
    <Filter Include="Libraries">
      <UniqueIdentifier>{3cacde8f-709b-4414-880d-d45679c16253}</UniqueIdentifier>
    </Filter>
    <Filter Include="Libraries\lambdatwist">
      <UniqueIdentifier>{304dc414-bc11-4bb6-9cd4-8538532e61a4}</UniqueIdentifier>
    </Filter>
  </ItemGroup>
  <ItemGroup>
    <ClCompile Include="..\..\gpu-kernels\aux_funs.cpp">
      <Filter>Source Files</Filter>
    </ClCompile>
  </ItemGroup>
  <ItemGroup>
    <CudaCompile Include="..\..\gpu-kernels\align_frame.cu">
      <Filter>Source Files</Filter>
    </CudaCompile>
    <CudaCompile Include="..\..\gpu-kernels\collect_p3p_instances.cu">
      <Filter>Source Files</Filter>
    </CudaCompile>
    <CudaCompile Include="..\..\gpu-kernels\fit_robust_gaussian.cu">
      <Filter>Source Files</Filter>
    </CudaCompile>
    <CudaCompile Include="..\..\gpu-kernels\gblur.cu">
      <Filter>Source Files</Filter>
    </CudaCompile>
    <CudaCompile Include="..\..\gpu-kernels\meanshift.cu">
      <Filter>Source Files</Filter>
    </CudaCompile>
    <CudaCompile Include="..\..\gpu-kernels\optimize_depth.cu">
      <Filter>Source Files</Filter>
    </CudaCompile>
    <CudaCompile Include="..\..\gpu-kernels\solve_batch_ap3p.cu">
      <Filter>Source Files</Filter>
    </CudaCompile>
    <CudaCompile Include="..\..\gpu-kernels\solve_batch_lambdatwist.cu">
      <Filter>Source Files</Filter>
    </CudaCompile>
  </ItemGroup>
  <ItemGroup>
    <ClInclude Include="..\..\gpu-kernels\aux_funs.h">
      <Filter>Header Files</Filter>
    </ClInclude>
    <ClInclude Include="..\..\gpu-kernels\fb_smooth.h">
      <Filter>Header Files</Filter>
    </ClInclude>
    <ClInclude Include="..\..\gpu-kernels\gblur.h">
      <Filter>Header Files</Filter>
    </ClInclude>
    <ClInclude Include="..\..\gpu-kernels\gmat.h">
      <Filter>Header Files</Filter>
    </ClInclude>
    <ClInclude Include="..\..\gpu-kernels\gpu_kernels.h">
      <Filter>Header Files</Filter>
    </ClInclude>
    <ClInclude Include="..\..\gpu-kernels\reduce_vector_sum.h">
      <Filter>Header Files</Filter>
    </ClInclude>
    <ClInclude Include="..\..\gpu-kernels\residual_model.h">
      <Filter>Header Files</Filter>
    </ClInclude>
    <ClInclude Include="..\..\gpu-kernels\rodrigues.h">
      <Filter>Header Files</Filter>
    </ClInclude>
    <ClInclude Include="..\..\gpu-kernels\svd3_cuda.h">
      <Filter>Header Files</Filter>
    </ClInclude>
    <ClInclude Include="..\..\gpu-kernels\utils.h">
      <Filter>Header Files</Filter>
    </ClInclude>
    <ClInclude Include="..\..\gpu-kernels\vops.h">
      <Filter>Header Files</Filter>
    </ClInclude>
    <ClInclude Include="..\..\lambdatwist\lambdatwist_p3p.h">
      <Filter>Libraries\lambdatwist</Filter>
    </ClInclude>
    <ClInclude Include="..\..\lambdatwist\lambdatwist_p4p.h">
      <Filter>Libraries\lambdatwist</Filter>
    </ClInclude>
    <ClInclude Include="..\..\lambdatwist\matrix.h">
      <Filter>Libraries\lambdatwist</Filter>
    </ClInclude>
    <ClInclude Include="..\..\lambdatwist\refine_lambda.h">
      <Filter>Libraries\lambdatwist</Filter>
    </ClInclude>
    <ClInclude Include="..\..\lambdatwist\solve_cubic.h">
      <Filter>Libraries\lambdatwist</Filter>
    </ClInclude>
    <ClInclude Include="..\..\lambdatwist\solve_eig0.h">
      <Filter>Libraries\lambdatwist</Filter>
    </ClInclude>
  </ItemGroup>
</Project>